
Microsoft Visual Studio Solution File, Format Version 12.00
# Visual Studio 14
VisualStudioVersion = 14.0.23107.0
MinimumVisualStudioVersion = 10.0.40219.1
Project("{FAE04EC0-301F-11D3-BF4B-00C04F79EFBC}") = "OldMaid", "OldMaid\OldMaid.csproj", "{271992AF-8792-4045-80E7-BF3712320548}"
EndProject
Global
	GlobalSection(SolutionConfigurationPlatforms) = preSolution
		Debug|Any CPU = Debug|Any CPU
		Release|Any CPU = Release|Any CPU
	EndGlobalSection
	GlobalSection(ProjectConfigurationPlatforms) = postSolution
		{271992AF-8792-4045-80E7-BF3712320548}.Debug|Any CPU.ActiveCfg = Debug|Any CPU
		{271992AF-8792-4045-80E7-BF3712320548}.Debug|Any CPU.Build.0 = Debug|Any CPU
		{271992AF-8792-4045-80E7-BF3712320548}.Release|Any CPU.ActiveCfg = Release|Any CPU
		{271992AF-8792-4045-80E7-BF3712320548}.Release|Any CPU.Build.0 = Release|Any CPU
	EndGlobalSection
	GlobalSection(SolutionProperties) = preSolution
		HideSolutionNode = FALSE
	EndGlobalSection
EndGlobal
